// !$*UTF8*$!
{
	archiveVersion = 1;
	classes = {
	};
	objectVersion = 56;
	objects = {

/* Begin PBXBuildFile section */
		A1B2C3D4E5F60001000A0001 /* AppDelegate.swift in Sources */ = {isa = PBXBuildFile; fileRef = A1B2C3D4E5F60002000A0001 /* AppDelegate.swift */; };
		A1B2C3D4E5F60003000A0001 /* MainViewController.swift in Sources */ = {isa = PBXBuildFile; fileRef = A1B2C3D4E5F60004000A0001 /* MainViewController.swift */; };
		A1B2C3D4E5F60005000A0001 /* KeyWitnessKeyboard.swift in Sources */ = {isa = PBXBuildFile; fileRef = A1B2C3D4E5F60006000A0001 /* KeyWitnessKeyboard.swift */; };
		A1B2C3D4E5F60007000A0001 /* CryptoEngine.swift in Sources */ = {isa = PBXBuildFile; fileRef = A1B2C3D4E5F60008000A0001 /* CryptoEngine.swift */; };
		A1B2C3D4E5F60009000A0001 /* AttestationBuilder.swift in Sources */ = {isa = PBXBuildFile; fileRef = A1B2C3D4E5F6000A000A0001 /* AttestationBuilder.swift */; };
		A1B2C3D4E5F6000B000A0001 /* CryptoKit.framework in Frameworks */ = {isa = PBXBuildFile; fileRef = A1B2C3D4E5F6000C000A0001 /* CryptoKit.framework */; };
		A1B2C3D4E5F6000D000A0001 /* KeyWitnessKeyboard.appex in Embed Foundation Extensions */ = {isa = PBXBuildFile; fileRef = A1B2C3D4E5F6000E000A0001 /* KeyWitnessKeyboard.appex */; settings = {ATTRIBUTES = (RemoveHeadersOnCopy, ); }; };
		A1B2C3D4E5F60070000A0001 /* CryptoEngine.swift in Sources */ = {isa = PBXBuildFile; fileRef = A1B2C3D4E5F60008000A0001 /* CryptoEngine.swift */; };
		A1B2C3D4E5F60071000A0001 /* AttestationBuilder.swift in Sources */ = {isa = PBXBuildFile; fileRef = A1B2C3D4E5F6000A000A0001 /* AttestationBuilder.swift */; };
		A1B2C3D4E5F60072000A0001 /* CryptoKit.framework in Frameworks */ = {isa = PBXBuildFile; fileRef = A1B2C3D4E5F6000C000A0001 /* CryptoKit.framework */; };
		A1B2C3D4E5F60090000A0001 /* Assets.xcassets in Resources */ = {isa = PBXBuildFile; fileRef = A1B2C3D4E5F60091000A0001 /* Assets.xcassets */; };
		A1B2C3D4E5F60092000A0001 /* AppAttestManager.swift in Sources */ = {isa = PBXBuildFile; fileRef = A1B2C3D4E5F60093000A0001 /* AppAttestManager.swift */; };
		A1B2C3D4E5F60094000A0001 /* AppAttestHelper.swift in Sources */ = {isa = PBXBuildFile; fileRef = A1B2C3D4E5F60095000A0001 /* AppAttestHelper.swift */; };
		A1B2C3D4E5F60096000A0001 /* LaunchScreen.storyboard in Resources */ = {isa = PBXBuildFile; fileRef = A1B2C3D4E5F60097000A0001 /* LaunchScreen.storyboard */; };
		A1B2C3D4E5F600A0000A0001 /* DIDKey.swift in Sources */ = {isa = PBXBuildFile; fileRef = A1B2C3D4E5F600A1000A0001 /* DIDKey.swift */; };
		A1B2C3D4E5F600A2000A0001 /* JCS.swift in Sources */ = {isa = PBXBuildFile; fileRef = A1B2C3D4E5F600A3000A0001 /* JCS.swift */; };
		A1B2C3D4E5F600A4000A0001 /* VCBuilder.swift in Sources */ = {isa = PBXBuildFile; fileRef = A1B2C3D4E5F600A5000A0001 /* VCBuilder.swift */; };
		A1B2C3D4E5F600A6000A0001 /* DIDKey.swift in Sources */ = {isa = PBXBuildFile; fileRef = A1B2C3D4E5F600A1000A0001 /* DIDKey.swift */; };
		A1B2C3D4E5F600A7000A0001 /* JCS.swift in Sources */ = {isa = PBXBuildFile; fileRef = A1B2C3D4E5F600A3000A0001 /* JCS.swift */; };
		A1B2C3D4E5F600A8000A0001 /* VCBuilder.swift in Sources */ = {isa = PBXBuildFile; fileRef = A1B2C3D4E5F600A5000A0001 /* VCBuilder.swift */; };
		B1B2C3D4E5F60010000B0001 /* KeyWitnessActivity.swift in Sources */ = {isa = PBXBuildFile; fileRef = B1B2C3D4E5F60001000B0001 /* KeyWitnessActivity.swift */; };
		B1B2C3D4E5F60011000B0001 /* KeyWitnessActivity.swift in Sources */ = {isa = PBXBuildFile; fileRef = B1B2C3D4E5F60001000B0001 /* KeyWitnessActivity.swift */; };
		B1B2C3D4E5F60012000B0001 /* KeyWitnessActivity.swift in Sources */ = {isa = PBXBuildFile; fileRef = B1B2C3D4E5F60001000B0001 /* KeyWitnessActivity.swift */; };
		B1B2C3D4E5F60013000B0001 /* KeyWitnessLiveActivity.swift in Sources */ = {isa = PBXBuildFile; fileRef = B1B2C3D4E5F60002000B0001 /* KeyWitnessLiveActivity.swift */; };
		B1B2C3D4E5F60014000B0001 /* KeyWitnessWidgetBundle.swift in Sources */ = {isa = PBXBuildFile; fileRef = B1B2C3D4E5F60003000B0001 /* KeyWitnessWidgetBundle.swift */; };
		B1B2C3D4E5F60015000B0001 /* KeyWitnessWidgets.appex in Embed Foundation Extensions */ = {isa = PBXBuildFile; fileRef = B1B2C3D4E5F60005000B0001 /* KeyWitnessWidgets.appex */; settings = {ATTRIBUTES = (RemoveHeadersOnCopy, ); }; };
		C1B2C3D4E5F60003000C0001 /* KeyboardKit in Frameworks */ = {isa = PBXBuildFile; productRef = C1B2C3D4E5F60002000C0001 /* KeyboardKit */; };
/* End PBXBuildFile section */

/* Begin PBXContainerItemProxy section */
		A1B2C3D4E5F60010000A0001 /* PBXContainerItemProxy */ = {
			isa = PBXContainerItemProxy;
			containerPortal = A1B2C3D4E5F60011000A0001 /* Project object */;
			proxyType = 1;
			remoteGlobalIDString = A1B2C3D4E5F60012000A0001;
			remoteInfo = KeyWitnessKeyboard;
		};
		B1B2C3D4E5F60050000B0001 /* PBXContainerItemProxy */ = {
			isa = PBXContainerItemProxy;
			containerPortal = A1B2C3D4E5F60011000A0001 /* Project object */;
			proxyType = 1;
			remoteGlobalIDString = B1B2C3D4E5F60040000B0001;
			remoteInfo = KeyWitnessWidgets;
		};
/* End PBXContainerItemProxy section */

/* Begin PBXCopyFilesBuildPhase section */
		A1B2C3D4E5F60013000A0001 /* Embed Foundation Extensions */ = {
			isa = PBXCopyFilesBuildPhase;
			buildActionMask = 2147483647;
			dstPath = "";
			dstSubfolderSpec = 13;
			files = (
				A1B2C3D4E5F6000D000A0001 /* KeyWitnessKeyboard.appex in Embed Foundation Extensions */,
				B1B2C3D4E5F60015000B0001 /* KeyWitnessWidgets.appex in Embed Foundation Extensions */,
			);
			name = "Embed Foundation Extensions";
			runOnlyForDeploymentPostprocessing = 0;
		};
/* End PBXCopyFilesBuildPhase section */

/* Begin PBXFileReference section */
		A1B2C3D4E5F60002000A0001 /* AppDelegate.swift */ = {isa = PBXFileReference; lastKnownFileType = sourcecode.swift; path = AppDelegate.swift; sourceTree = "<group>"; };
		A1B2C3D4E5F60004000A0001 /* MainViewController.swift */ = {isa = PBXFileReference; lastKnownFileType = sourcecode.swift; path = MainViewController.swift; sourceTree = "<group>"; };
		A1B2C3D4E5F60006000A0001 /* KeyWitnessKeyboard.swift */ = {isa = PBXFileReference; lastKnownFileType = sourcecode.swift; path = KeyWitnessKeyboard.swift; sourceTree = "<group>"; };
		A1B2C3D4E5F60008000A0001 /* CryptoEngine.swift */ = {isa = PBXFileReference; lastKnownFileType = sourcecode.swift; path = CryptoEngine.swift; sourceTree = "<group>"; };
		A1B2C3D4E5F6000A000A0001 /* AttestationBuilder.swift */ = {isa = PBXFileReference; lastKnownFileType = sourcecode.swift; path = AttestationBuilder.swift; sourceTree = "<group>"; };
		A1B2C3D4E5F6000C000A0001 /* CryptoKit.framework */ = {isa = PBXFileReference; lastKnownFileType = wrapper.framework; name = CryptoKit.framework; path = System/Library/Frameworks/CryptoKit.framework; sourceTree = SDKROOT; };
		A1B2C3D4E5F6000E000A0001 /* KeyWitnessKeyboard.appex */ = {isa = PBXFileReference; explicitFileType = "wrapper.app-extension"; includeInIndex = 0; path = KeyWitnessKeyboard.appex; sourceTree = BUILT_PRODUCTS_DIR; };
		A1B2C3D4E5F60014000A0001 /* KeyWitness.app */ = {isa = PBXFileReference; explicitFileType = wrapper.application; includeInIndex = 0; path = KeyWitness.app; sourceTree = BUILT_PRODUCTS_DIR; };
		A1B2C3D4E5F60015000A0001 /* Info.plist */ = {isa = PBXFileReference; lastKnownFileType = text.plist.xml; path = Info.plist; sourceTree = "<group>"; };
		A1B2C3D4E5F60016000A0001 /* Info.plist */ = {isa = PBXFileReference; lastKnownFileType = text.plist.xml; path = Info.plist; sourceTree = "<group>"; };
		A1B2C3D4E5F60080000A0001 /* KeyWitness.entitlements */ = {isa = PBXFileReference; lastKnownFileType = text.plist.entitlements; path = KeyWitness.entitlements; sourceTree = "<group>"; };
		A1B2C3D4E5F60081000A0001 /* KeyWitnessKeyboard.entitlements */ = {isa = PBXFileReference; lastKnownFileType = text.plist.entitlements; path = KeyWitnessKeyboard.entitlements; sourceTree = "<group>"; };
		A1B2C3D4E5F60091000A0001 /* Assets.xcassets */ = {isa = PBXFileReference; lastKnownFileType = folder.assetcatalog; path = Assets.xcassets; sourceTree = "<group>"; };
		A1B2C3D4E5F60093000A0001 /* AppAttestManager.swift */ = {isa = PBXFileReference; lastKnownFileType = sourcecode.swift; path = AppAttestManager.swift; sourceTree = "<group>"; };
		A1B2C3D4E5F60095000A0001 /* AppAttestHelper.swift */ = {isa = PBXFileReference; lastKnownFileType = sourcecode.swift; path = AppAttestHelper.swift; sourceTree = "<group>"; };
		A1B2C3D4E5F60097000A0001 /* LaunchScreen.storyboard */ = {isa = PBXFileReference; lastKnownFileType = file.storyboard; path = LaunchScreen.storyboard; sourceTree = "<group>"; };
		A1B2C3D4E5F600A1000A0001 /* DIDKey.swift */ = {isa = PBXFileReference; lastKnownFileType = sourcecode.swift; path = DIDKey.swift; sourceTree = "<group>"; };
		A1B2C3D4E5F600A3000A0001 /* JCS.swift */ = {isa = PBXFileReference; lastKnownFileType = sourcecode.swift; path = JCS.swift; sourceTree = "<group>"; };
		A1B2C3D4E5F600A5000A0001 /* VCBuilder.swift */ = {isa = PBXFileReference; lastKnownFileType = sourcecode.swift; path = VCBuilder.swift; sourceTree = "<group>"; };
		B1B2C3D4E5F60001000B0001 /* KeyWitnessActivity.swift */ = {isa = PBXFileReference; lastKnownFileType = sourcecode.swift; path = KeyWitnessActivity.swift; sourceTree = "<group>"; };
		B1B2C3D4E5F60002000B0001 /* KeyWitnessLiveActivity.swift */ = {isa = PBXFileReference; lastKnownFileType = sourcecode.swift; path = KeyWitnessLiveActivity.swift; sourceTree = "<group>"; };
		B1B2C3D4E5F60003000B0001 /* KeyWitnessWidgetBundle.swift */ = {isa = PBXFileReference; lastKnownFileType = sourcecode.swift; path = KeyWitnessWidgetBundle.swift; sourceTree = "<group>"; };
		B1B2C3D4E5F60004000B0001 /* Info.plist */ = {isa = PBXFileReference; lastKnownFileType = text.plist.xml; path = Info.plist; sourceTree = "<group>"; };
		B1B2C3D4E5F60005000B0001 /* KeyWitnessWidgets.appex */ = {isa = PBXFileReference; explicitFileType = "wrapper.app-extension"; includeInIndex = 0; path = KeyWitnessWidgets.appex; sourceTree = BUILT_PRODUCTS_DIR; };
/* End PBXFileReference section */

/* Begin PBXFrameworksBuildPhase section */
		A1B2C3D4E5F60020000A0001 /* Frameworks */ = {
			isa = PBXFrameworksBuildPhase;
			buildActionMask = 2147483647;
			files = (
				A1B2C3D4E5F60072000A0001 /* CryptoKit.framework in Frameworks */,
			);
			runOnlyForDeploymentPostprocessing = 0;
		};
		A1B2C3D4E5F60021000A0001 /* Frameworks */ = {
			isa = PBXFrameworksBuildPhase;
			buildActionMask = 2147483647;
			files = (
				A1B2C3D4E5F6000B000A0001 /* CryptoKit.framework in Frameworks */,
				C1B2C3D4E5F60003000C0001 /* KeyboardKit in Frameworks */,
			);
			runOnlyForDeploymentPostprocessing = 0;
		};
		B1B2C3D4E5F60031000B0001 /* Frameworks */ = {
			isa = PBXFrameworksBuildPhase;
			buildActionMask = 2147483647;
			files = (
			);
			runOnlyForDeploymentPostprocessing = 0;
		};
/* End PBXFrameworksBuildPhase section */

/* Begin PBXGroup section */
		A1B2C3D4E5F60030000A0001 = {
			isa = PBXGroup;
			children = (
				A1B2C3D4E5F60031000A0001 /* KeyWitness */,
				A1B2C3D4E5F60032000A0001 /* Keyboard */,
				B1B2C3D4E5F60020000B0001 /* Shared */,
				B1B2C3D4E5F60021000B0001 /* KeyWitnessWidgets */,
				A1B2C3D4E5F60033000A0001 /* Frameworks */,
				A1B2C3D4E5F60034000A0001 /* Products */,
			);
			sourceTree = "<group>";
		};
		A1B2C3D4E5F60031000A0001 /* KeyWitness */ = {
			isa = PBXGroup;
			children = (
				A1B2C3D4E5F60002000A0001 /* AppDelegate.swift */,
				A1B2C3D4E5F60004000A0001 /* MainViewController.swift */,
				A1B2C3D4E5F60093000A0001 /* AppAttestManager.swift */,
				A1B2C3D4E5F60097000A0001 /* LaunchScreen.storyboard */,
				A1B2C3D4E5F60091000A0001 /* Assets.xcassets */,
				A1B2C3D4E5F60016000A0001 /* Info.plist */,
				A1B2C3D4E5F60080000A0001 /* KeyWitness.entitlements */,
			);
			path = KeyWitness;
			sourceTree = "<group>";
		};
		A1B2C3D4E5F60032000A0001 /* Keyboard */ = {
			isa = PBXGroup;
			children = (
				A1B2C3D4E5F60006000A0001 /* KeyWitnessKeyboard.swift */,
				A1B2C3D4E5F60008000A0001 /* CryptoEngine.swift */,
				A1B2C3D4E5F6000A000A0001 /* AttestationBuilder.swift */,
				A1B2C3D4E5F60095000A0001 /* AppAttestHelper.swift */,
				A1B2C3D4E5F600A1000A0001 /* DIDKey.swift */,
				A1B2C3D4E5F600A3000A0001 /* JCS.swift */,
				A1B2C3D4E5F600A5000A0001 /* VCBuilder.swift */,
				A1B2C3D4E5F60015000A0001 /* Info.plist */,
				A1B2C3D4E5F60081000A0001 /* KeyWitnessKeyboard.entitlements */,
			);
			path = Keyboard;
			sourceTree = "<group>";
		};
		A1B2C3D4E5F60033000A0001 /* Frameworks */ = {
			isa = PBXGroup;
			children = (
				A1B2C3D4E5F6000C000A0001 /* CryptoKit.framework */,
			);
			name = Frameworks;
			sourceTree = "<group>";
		};
		A1B2C3D4E5F60034000A0001 /* Products */ = {
			isa = PBXGroup;
			children = (
				A1B2C3D4E5F60014000A0001 /* KeyWitness.app */,
				A1B2C3D4E5F6000E000A0001 /* KeyWitnessKeyboard.appex */,
				B1B2C3D4E5F60005000B0001 /* KeyWitnessWidgets.appex */,
			);
			name = Products;
			sourceTree = "<group>";
		};
		B1B2C3D4E5F60020000B0001 /* Shared */ = {
			isa = PBXGroup;
			children = (
				B1B2C3D4E5F60001000B0001 /* KeyWitnessActivity.swift */,
			);
			path = Shared;
			sourceTree = "<group>";
		};
		B1B2C3D4E5F60021000B0001 /* KeyWitnessWidgets */ = {
			isa = PBXGroup;
			children = (
				B1B2C3D4E5F60002000B0001 /* KeyWitnessLiveActivity.swift */,
				B1B2C3D4E5F60003000B0001 /* KeyWitnessWidgetBundle.swift */,
				B1B2C3D4E5F60004000B0001 /* Info.plist */,
			);
			path = KeyWitnessWidgets;
			sourceTree = "<group>";
		};
/* End PBXGroup section */

/* Begin PBXNativeTarget section */
		A1B2C3D4E5F60012000A0001 /* KeyWitnessKeyboard */ = {
			isa = PBXNativeTarget;
			buildConfigurationList = A1B2C3D4E5F60051000A0001 /* Build configuration list for PBXNativeTarget "KeyWitnessKeyboard" */;
			buildPhases = (
				A1B2C3D4E5F60044000A0001 /* Sources */,
				A1B2C3D4E5F60021000A0001 /* Frameworks */,
				A1B2C3D4E5F60045000A0001 /* Resources */,
			);
			buildRules = (
			);
			dependencies = (
			);
			name = KeyWitnessKeyboard;
			packageProductDependencies = (
				C1B2C3D4E5F60002000C0001 /* KeyboardKit */,
			);
			productName = KeyWitnessKeyboard;
			productReference = A1B2C3D4E5F6000E000A0001 /* KeyWitnessKeyboard.appex */;
			productType = "com.apple.product-type.app-extension";
		};
		A1B2C3D4E5F60040000A0001 /* KeyWitness */ = {
			isa = PBXNativeTarget;
			buildConfigurationList = A1B2C3D4E5F60050000A0001 /* Build configuration list for PBXNativeTarget "KeyWitness" */;
			buildPhases = (
				A1B2C3D4E5F60041000A0001 /* Sources */,
				A1B2C3D4E5F60020000A0001 /* Frameworks */,
				A1B2C3D4E5F60042000A0001 /* Resources */,
				A1B2C3D4E5F60013000A0001 /* Embed Foundation Extensions */,
			);
			buildRules = (
			);
			dependencies = (
				A1B2C3D4E5F60043000A0001 /* PBXTargetDependency */,
				B1B2C3D4E5F60051000B0001 /* PBXTargetDependency */,
			);
			name = KeyWitness;
			productName = KeyWitness;
			productReference = A1B2C3D4E5F60014000A0001 /* KeyWitness.app */;
			productType = "com.apple.product-type.application";
		};
		B1B2C3D4E5F60040000B0001 /* KeyWitnessWidgets */ = {
			isa = PBXNativeTarget;
			buildConfigurationList = B1B2C3D4E5F60070000B0001 /* Build configuration list for PBXNativeTarget "KeyWitnessWidgets" */;
			buildPhases = (
				B1B2C3D4E5F60030000B0001 /* Sources */,
				B1B2C3D4E5F60031000B0001 /* Frameworks */,
				B1B2C3D4E5F60032000B0001 /* Resources */,
			);
			buildRules = (
			);
			dependencies = (
			);
			name = KeyWitnessWidgets;
			productName = KeyWitnessWidgets;
			productReference = B1B2C3D4E5F60005000B0001 /* KeyWitnessWidgets.appex */;
			productType = "com.apple.product-type.app-extension";
		};
/* End PBXNativeTarget section */

/* Begin PBXProject section */
		A1B2C3D4E5F60011000A0001 /* Project object */ = {
			isa = PBXProject;
			attributes = {
				B1B2C3D4E5F60040000B0001 = {
					CreatedOnToolsVersion = 15.0;
				};
				BuildIndependentTargetsInParallel = 1;
				LastSwiftUpdateCheck = 1500;
				LastUpgradeCheck = 1500;
				TargetAttributes = {
					A1B2C3D4E5F60012000A0001 = {
						CreatedOnToolsVersion = 15.0;
					};
					A1B2C3D4E5F60040000A0001 = {
						CreatedOnToolsVersion = 15.0;
					};
				};
			};
			buildConfigurationList = A1B2C3D4E5F60052000A0001 /* Build configuration list for PBXProject "KeyWitness" */;
			compatibilityVersion = "Xcode 14.0";
			developmentRegion = en;
			hasScannedForEncodings = 0;
			knownRegions = (
				en,
				Base,
			);
			mainGroup = A1B2C3D4E5F60030000A0001;
			packageReferences = (
				C1B2C3D4E5F60001000C0001 /* XCRemoteSwiftPackageReference "KeyboardKit" */,
			);
			productRefGroup = A1B2C3D4E5F60034000A0001 /* Products */;
			projectDirPath = "";
			projectRoot = "";
			targets = (
				A1B2C3D4E5F60040000A0001 /* KeyWitness */,
				A1B2C3D4E5F60012000A0001 /* KeyWitnessKeyboard */,
				B1B2C3D4E5F60040000B0001 /* KeyWitnessWidgets */,
			);
		};
/* End PBXProject section */

/* Begin PBXResourcesBuildPhase section */
		A1B2C3D4E5F60042000A0001 /* Resources */ = {
			isa = PBXResourcesBuildPhase;
			buildActionMask = 2147483647;
			files = (
				A1B2C3D4E5F60090000A0001 /* Assets.xcassets in Resources */,
				A1B2C3D4E5F60096000A0001 /* LaunchScreen.storyboard in Resources */,
			);
			runOnlyForDeploymentPostprocessing = 0;
		};
		A1B2C3D4E5F60045000A0001 /* Resources */ = {
			isa = PBXResourcesBuildPhase;
			buildActionMask = 2147483647;
			files = (
			);
			runOnlyForDeploymentPostprocessing = 0;
		};
		B1B2C3D4E5F60032000B0001 /* Resources */ = {
			isa = PBXResourcesBuildPhase;
			buildActionMask = 2147483647;
			files = (
			);
			runOnlyForDeploymentPostprocessing = 0;
		};
/* End PBXResourcesBuildPhase section */

/* Begin PBXSourcesBuildPhase section */
		A1B2C3D4E5F60041000A0001 /* Sources */ = {
			isa = PBXSourcesBuildPhase;
			buildActionMask = 2147483647;
			files = (
				A1B2C3D4E5F60001000A0001 /* AppDelegate.swift in Sources */,
				A1B2C3D4E5F60003000A0001 /* MainViewController.swift in Sources */,
				A1B2C3D4E5F60070000A0001 /* CryptoEngine.swift in Sources */,
				A1B2C3D4E5F60071000A0001 /* AttestationBuilder.swift in Sources */,
				A1B2C3D4E5F60092000A0001 /* AppAttestManager.swift in Sources */,
				A1B2C3D4E5F600A6000A0001 /* DIDKey.swift in Sources */,
				A1B2C3D4E5F600A7000A0001 /* JCS.swift in Sources */,
				A1B2C3D4E5F600A8000A0001 /* VCBuilder.swift in Sources */,
				B1B2C3D4E5F60010000B0001 /* KeyWitnessActivity.swift in Sources */,
			);
			runOnlyForDeploymentPostprocessing = 0;
		};
		A1B2C3D4E5F60044000A0001 /* Sources */ = {
			isa = PBXSourcesBuildPhase;
			buildActionMask = 2147483647;
			files = (
				A1B2C3D4E5F60005000A0001 /* KeyWitnessKeyboard.swift in Sources */,
				A1B2C3D4E5F60007000A0001 /* CryptoEngine.swift in Sources */,
				A1B2C3D4E5F60009000A0001 /* AttestationBuilder.swift in Sources */,
				A1B2C3D4E5F60094000A0001 /* AppAttestHelper.swift in Sources */,
				A1B2C3D4E5F600A0000A0001 /* DIDKey.swift in Sources */,
				A1B2C3D4E5F600A2000A0001 /* JCS.swift in Sources */,
				A1B2C3D4E5F600A4000A0001 /* VCBuilder.swift in Sources */,
				B1B2C3D4E5F60011000B0001 /* KeyWitnessActivity.swift in Sources */,
			);
			runOnlyForDeploymentPostprocessing = 0;
		};
		B1B2C3D4E5F60030000B0001 /* Sources */ = {
			isa = PBXSourcesBuildPhase;
			buildActionMask = 2147483647;
			files = (
				B1B2C3D4E5F60012000B0001 /* KeyWitnessActivity.swift in Sources */,
				B1B2C3D4E5F60013000B0001 /* KeyWitnessLiveActivity.swift in Sources */,
				B1B2C3D4E5F60014000B0001 /* KeyWitnessWidgetBundle.swift in Sources */,
			);
			runOnlyForDeploymentPostprocessing = 0;
		};
/* End PBXSourcesBuildPhase section */

/* Begin PBXTargetDependency section */
		A1B2C3D4E5F60043000A0001 /* PBXTargetDependency */ = {
			isa = PBXTargetDependency;
			target = A1B2C3D4E5F60012000A0001 /* KeyWitnessKeyboard */;
			targetProxy = A1B2C3D4E5F60010000A0001 /* PBXContainerItemProxy */;
		};
		B1B2C3D4E5F60051000B0001 /* PBXTargetDependency */ = {
			isa = PBXTargetDependency;
			target = B1B2C3D4E5F60040000B0001 /* KeyWitnessWidgets */;
			targetProxy = B1B2C3D4E5F60050000B0001 /* PBXContainerItemProxy */;
		};
/* End PBXTargetDependency section */

/* Begin XCBuildConfiguration section */
		A1B2C3D4E5F60060000A0001 /* Debug */ = {
			isa = XCBuildConfiguration;
			buildSettings = {
				ALWAYS_SEARCH_USER_PATHS = NO;
				ASSETCATALOG_COMPILER_GENERATE_SWIFT_ASSET_SYMBOL_EXTENSIONS = YES;
				CLANG_ANALYZER_NONNULL = YES;
				CLANG_ANALYZER_NUMBER_OBJECT_CONVERSION = YES_AGGRESSIVE;
				CLANG_CXX_LANGUAGE_STANDARD = "gnu++20";
				CLANG_ENABLE_MODULES = YES;
				CLANG_ENABLE_OBJC_ARC = YES;
				CLANG_ENABLE_OBJC_WEAK = YES;
				CLANG_WARN_BLOCK_CAPTURE_AUTORELEASING = YES;
				CLANG_WARN_BOOL_CONVERSION = YES;
				CLANG_WARN_COMMA = YES;
				CLANG_WARN_CONSTANT_CONVERSION = YES;
				CLANG_WARN_DEPRECATED_OBJC_IMPLEMENTATIONS = YES;
				CLANG_WARN_DIRECT_OBJC_ISA_USAGE = YES_ERROR;
				CLANG_WARN_DOCUMENTATION_COMMENTS = YES;
				CLANG_WARN_EMPTY_BODY = YES;
				CLANG_WARN_ENUM_CONVERSION = YES;
				CLANG_WARN_INFINITE_RECURSION = YES;
				CLANG_WARN_INT_CONVERSION = YES;
				CLANG_WARN_NON_LITERAL_NULL_CONVERSION = YES;
				CLANG_WARN_OBJC_IMPLICIT_RETAIN_SELF = YES;
				CLANG_WARN_OBJC_LITERAL_CONVERSION = YES;
				CLANG_WARN_OBJC_ROOT_CLASS = YES_ERROR;
				CLANG_WARN_QUOTED_INCLUDE_IN_FRAMEWORK_HEADER = YES;
				CLANG_WARN_RANGE_LOOP_ANALYSIS = YES;
				CLANG_WARN_STRICT_PROTOTYPES = YES;
				CLANG_WARN_SUSPICIOUS_MOVE = YES;
				CLANG_WARN_UNGUARDED_AVAILABILITY = YES_AGGRESSIVE;
				CLANG_WARN_UNREACHABLE_CODE = YES;
				CLANG_WARN__DUPLICATE_METHOD_MATCH = YES;
				COPY_PHASE_STRIP = NO;
				DEBUG_INFORMATION_FORMAT = dwarf;
				ENABLE_STRICT_OBJC_MSGSEND = YES;
				ENABLE_TESTABILITY = YES;
				ENABLE_USER_SCRIPT_SANDBOXING = YES;
				GCC_C_LANGUAGE_STANDARD = gnu17;
				GCC_DYNAMIC_NO_PIC = NO;
				GCC_NO_COMMON_BLOCKS = YES;
				GCC_OPTIMIZATION_LEVEL = 0;
				GCC_PREPROCESSOR_DEFINITIONS = (
					"DEBUG=1",
					"$(inherited)",
				);
				GCC_WARN_64_TO_32_BIT_CONVERSION = YES;
				GCC_WARN_ABOUT_RETURN_TYPE = YES_ERROR;
				GCC_WARN_UNDECLARED_SELECTOR = YES;
				GCC_WARN_UNINITIALIZED_AUTOS = YES_AGGRESSIVE;
				GCC_WARN_UNUSED_FUNCTION = YES;
				GCC_WARN_UNUSED_VARIABLE = YES;
				IPHONEOS_DEPLOYMENT_TARGET = 16.0;
				LOCALIZATION_PREFERS_STRING_CATALOGS = YES;
				MTL_ENABLE_DEBUG_INFO = INCLUDE_SOURCE;
				MTL_FAST_MATH = YES;
				ONLY_ACTIVE_ARCH = YES;
				SDKROOT = iphoneos;
				SWIFT_ACTIVE_COMPILATION_CONDITIONS = "DEBUG $(inherited)";
				SWIFT_OPTIMIZATION_LEVEL = "-Onone";
				SWIFT_VERSION = 5.0;
			};
			name = Debug;
		};
		A1B2C3D4E5F60061000A0001 /* Release */ = {
			isa = XCBuildConfiguration;
			buildSettings = {
				ALWAYS_SEARCH_USER_PATHS = NO;
				ASSETCATALOG_COMPILER_GENERATE_SWIFT_ASSET_SYMBOL_EXTENSIONS = YES;
				CLANG_ANALYZER_NONNULL = YES;
				CLANG_ANALYZER_NUMBER_OBJECT_CONVERSION = YES_AGGRESSIVE;
				CLANG_CXX_LANGUAGE_STANDARD = "gnu++20";
				CLANG_ENABLE_MODULES = YES;
				CLANG_ENABLE_OBJC_ARC = YES;
				CLANG_ENABLE_OBJC_WEAK = YES;
				CLANG_WARN_BLOCK_CAPTURE_AUTORELEASING = YES;
				CLANG_WARN_BOOL_CONVERSION = YES;
				CLANG_WARN_COMMA = YES;
				CLANG_WARN_CONSTANT_CONVERSION = YES;
				CLANG_WARN_DEPRECATED_OBJC_IMPLEMENTATIONS = YES;
				CLANG_WARN_DIRECT_OBJC_ISA_USAGE = YES_ERROR;
				CLANG_WARN_DOCUMENTATION_COMMENTS = YES;
				CLANG_WARN_EMPTY_BODY = YES;
				CLANG_WARN_ENUM_CONVERSION = YES;
				CLANG_WARN_INFINITE_RECURSION = YES;
				CLANG_WARN_INT_CONVERSION = YES;
				CLANG_WARN_NON_LITERAL_NULL_CONVERSION = YES;
				CLANG_WARN_OBJC_IMPLICIT_RETAIN_SELF = YES;
				CLANG_WARN_OBJC_LITERAL_CONVERSION = YES;
				CLANG_WARN_OBJC_ROOT_CLASS = YES_ERROR;
				CLANG_WARN_QUOTED_INCLUDE_IN_FRAMEWORK_HEADER = YES;
				CLANG_WARN_RANGE_LOOP_ANALYSIS = YES;
				CLANG_WARN_STRICT_PROTOTYPES = YES;
				CLANG_WARN_SUSPICIOUS_MOVE = YES;
				CLANG_WARN_UNGUARDED_AVAILABILITY = YES_AGGRESSIVE;
				CLANG_WARN_UNREACHABLE_CODE = YES;
				CLANG_WARN__DUPLICATE_METHOD_MATCH = YES;
				COPY_PHASE_STRIP = NO;
				DEBUG_INFORMATION_FORMAT = "dwarf-with-dsym";
				ENABLE_NS_ASSERTIONS = NO;
				ENABLE_STRICT_OBJC_MSGSEND = YES;
				ENABLE_USER_SCRIPT_SANDBOXING = YES;
				GCC_C_LANGUAGE_STANDARD = gnu17;
				GCC_NO_COMMON_BLOCKS = YES;
				GCC_WARN_64_TO_32_BIT_CONVERSION = YES;
				GCC_WARN_ABOUT_RETURN_TYPE = YES_ERROR;
				GCC_WARN_UNDECLARED_SELECTOR = YES;
				GCC_WARN_UNINITIALIZED_AUTOS = YES_AGGRESSIVE;
				GCC_WARN_UNUSED_FUNCTION = YES;
				GCC_WARN_UNUSED_VARIABLE = YES;
				IPHONEOS_DEPLOYMENT_TARGET = 16.0;
				LOCALIZATION_PREFERS_STRING_CATALOGS = YES;
				MTL_ENABLE_DEBUG_INFO = NO;
				MTL_FAST_MATH = YES;
				SDKROOT = iphoneos;
				SWIFT_COMPILATION_MODE = wholemodule;
				SWIFT_VERSION = 5.0;
				VALIDATE_PRODUCT = YES;
			};
			name = Release;
		};
		A1B2C3D4E5F60062000A0001 /* Debug */ = {
			isa = XCBuildConfiguration;
			buildSettings = {
				ASSETCATALOG_COMPILER_APPICON_NAME = AppIcon;
				ASSETCATALOG_COMPILER_GLOBAL_ACCENT_COLOR_NAME = AccentColor;
				CODE_SIGN_ENTITLEMENTS = KeyWitness/KeyWitness.entitlements;
				CODE_SIGN_STYLE = Automatic;
				CURRENT_PROJECT_VERSION = 1;
				DEVELOPMENT_TEAM = TCU64E3XV4;
				GENERATE_INFOPLIST_FILE = YES;
				INFOPLIST_FILE = KeyWitness/Info.plist;
				INFOPLIST_KEY_ITSAppUsesNonExemptEncryption = NO;
				INFOPLIST_KEY_NSFaceIDUsageDescription = "KeyWitness uses Face ID to verify your identity for cryptographic attestations.";
				INFOPLIST_KEY_NSSupportsLiveActivities = YES;
				INFOPLIST_KEY_NSSupportsLiveActivitiesFrequentUpdates = YES;
				INFOPLIST_KEY_UIApplicationSupportsIndirectInputEvents = YES;
				INFOPLIST_KEY_UILaunchStoryboardName = LaunchScreen;
				INFOPLIST_KEY_UISupportedInterfaceOrientations_iPad = "UIInterfaceOrientationPortrait UIInterfaceOrientationPortraitUpsideDown UIInterfaceOrientationLandscapeLeft UIInterfaceOrientationLandscapeRight";
				INFOPLIST_KEY_UISupportedInterfaceOrientations_iPhone = "UIInterfaceOrientationPortrait UIInterfaceOrientationLandscapeLeft UIInterfaceOrientationLandscapeRight";
				LD_RUNPATH_SEARCH_PATHS = (
					"$(inherited)",
					"@executable_path/Frameworks",
				);
				MARKETING_VERSION = 1.0;
				PRODUCT_BUNDLE_IDENTIFIER = io.keywitness.app;
				PRODUCT_NAME = "$(TARGET_NAME)";
				SWIFT_EMIT_LOC_STRINGS = YES;
				SWIFT_VERSION = 5.0;
				TARGETED_DEVICE_FAMILY = "1,2";
			};
			name = Debug;
		};
		A1B2C3D4E5F60063000A0001 /* Release */ = {
			isa = XCBuildConfiguration;
			buildSettings = {
				ASSETCATALOG_COMPILER_APPICON_NAME = AppIcon;
				ASSETCATALOG_COMPILER_GLOBAL_ACCENT_COLOR_NAME = AccentColor;
				CODE_SIGN_ENTITLEMENTS = KeyWitness/KeyWitness.entitlements;
				CODE_SIGN_STYLE = Automatic;
				CURRENT_PROJECT_VERSION = 1;
				DEVELOPMENT_TEAM = TCU64E3XV4;
				GENERATE_INFOPLIST_FILE = YES;
				INFOPLIST_FILE = KeyWitness/Info.plist;
				INFOPLIST_KEY_ITSAppUsesNonExemptEncryption = NO;
				INFOPLIST_KEY_NSFaceIDUsageDescription = "KeyWitness uses Face ID to verify your identity for cryptographic attestations.";
				INFOPLIST_KEY_NSSupportsLiveActivities = YES;
				INFOPLIST_KEY_NSSupportsLiveActivitiesFrequentUpdates = YES;
				INFOPLIST_KEY_UIApplicationSupportsIndirectInputEvents = YES;
				INFOPLIST_KEY_UILaunchStoryboardName = LaunchScreen;
				INFOPLIST_KEY_UISupportedInterfaceOrientations_iPad = "UIInterfaceOrientationPortrait UIInterfaceOrientationPortraitUpsideDown UIInterfaceOrientationLandscapeLeft UIInterfaceOrientationLandscapeRight";
				INFOPLIST_KEY_UISupportedInterfaceOrientations_iPhone = "UIInterfaceOrientationPortrait UIInterfaceOrientationLandscapeLeft UIInterfaceOrientationLandscapeRight";
				LD_RUNPATH_SEARCH_PATHS = (
					"$(inherited)",
					"@executable_path/Frameworks",
				);
				MARKETING_VERSION = 1.0;
				PRODUCT_BUNDLE_IDENTIFIER = io.keywitness.app;
				PRODUCT_NAME = "$(TARGET_NAME)";
				SWIFT_EMIT_LOC_STRINGS = YES;
				SWIFT_VERSION = 5.0;
				TARGETED_DEVICE_FAMILY = "1,2";
			};
			name = Release;
		};
		A1B2C3D4E5F60064000A0001 /* Debug */ = {
			isa = XCBuildConfiguration;
			buildSettings = {
				CODE_SIGN_ENTITLEMENTS = Keyboard/KeyWitnessKeyboard.entitlements;
				CODE_SIGN_STYLE = Automatic;
				CURRENT_PROJECT_VERSION = 1;
				DEVELOPMENT_TEAM = TCU64E3XV4;
				GENERATE_INFOPLIST_FILE = YES;
				INFOPLIST_FILE = Keyboard/Info.plist;
				INFOPLIST_KEY_CFBundleDisplayName = KeyWitness;
				INFOPLIST_KEY_LSApplicationCategoryType = "";
				INFOPLIST_KEY_NSFaceIDUsageDescription = "KeyWitness uses Face ID to verify your identity when signing text attestations.";
				INFOPLIST_KEY_NSHumanReadableCopyright = "";
				INFOPLIST_KEY_NSSupportsLiveActivities = YES;
				INFOPLIST_KEY_NSSupportsLiveActivitiesFrequentUpdates = YES;
				LD_RUNPATH_SEARCH_PATHS = (
					"$(inherited)",
					"@executable_path/Frameworks",
					"@executable_path/../../Frameworks",
				);
				MARKETING_VERSION = 1.0;
				PRODUCT_BUNDLE_IDENTIFIER = io.keywitness.app.keyboard;
				PRODUCT_NAME = "$(TARGET_NAME)";
				SKIP_INSTALL = YES;
				SWIFT_EMIT_LOC_STRINGS = YES;
				SWIFT_VERSION = 5.0;
				TARGETED_DEVICE_FAMILY = "1,2";
			};
			name = Debug;
		};
		A1B2C3D4E5F60065000A0001 /* Release */ = {
			isa = XCBuildConfiguration;
			buildSettings = {
				CODE_SIGN_ENTITLEMENTS = Keyboard/KeyWitnessKeyboard.entitlements;
				CODE_SIGN_STYLE = Automatic;
				CURRENT_PROJECT_VERSION = 1;
				DEVELOPMENT_TEAM = TCU64E3XV4;
				GENERATE_INFOPLIST_FILE = YES;
				INFOPLIST_FILE = Keyboard/Info.plist;
				INFOPLIST_KEY_CFBundleDisplayName = KeyWitness;
				INFOPLIST_KEY_LSApplicationCategoryType = "";
				INFOPLIST_KEY_NSFaceIDUsageDescription = "KeyWitness uses Face ID to verify your identity when signing text attestations.";
				INFOPLIST_KEY_NSHumanReadableCopyright = "";
				INFOPLIST_KEY_NSSupportsLiveActivities = YES;
				INFOPLIST_KEY_NSSupportsLiveActivitiesFrequentUpdates = YES;
				LD_RUNPATH_SEARCH_PATHS = (
					"$(inherited)",
					"@executable_path/Frameworks",
					"@executable_path/../../Frameworks",
				);
				MARKETING_VERSION = 1.0;
				PRODUCT_BUNDLE_IDENTIFIER = io.keywitness.app.keyboard;
				PRODUCT_NAME = "$(TARGET_NAME)";
				SKIP_INSTALL = YES;
				SWIFT_EMIT_LOC_STRINGS = YES;
				SWIFT_VERSION = 5.0;
				TARGETED_DEVICE_FAMILY = "1,2";
			};
			name = Release;
		};
		B1B2C3D4E5F60060000B0001 /* Debug */ = {
			isa = XCBuildConfiguration;
			buildSettings = {
				CODE_SIGN_STYLE = Automatic;
				CURRENT_PROJECT_VERSION = 1;
				DEVELOPMENT_TEAM = TCU64E3XV4;
				GENERATE_INFOPLIST_FILE = YES;
				INFOPLIST_FILE = KeyWitnessWidgets/Info.plist;
				INFOPLIST_KEY_CFBundleDisplayName = KeyWitnessWidgets;
				INFOPLIST_KEY_NSHumanReadableCopyright = "";
				INFOPLIST_KEY_NSSupportsLiveActivities = YES;
				INFOPLIST_KEY_NSSupportsLiveActivitiesFrequentUpdates = YES;
				IPHONEOS_DEPLOYMENT_TARGET = 17.0;
				LD_RUNPATH_SEARCH_PATHS = (
					"$(inherited)",
					"@executable_path/Frameworks",
					"@executable_path/../../Frameworks",
				);
				MARKETING_VERSION = 1.0;
				PRODUCT_BUNDLE_IDENTIFIER = io.keywitness.app.widgets;
				PRODUCT_NAME = "$(TARGET_NAME)";
				SKIP_INSTALL = YES;
				SWIFT_EMIT_LOC_STRINGS = YES;
				SWIFT_VERSION = 5.0;
				TARGETED_DEVICE_FAMILY = "1,2";
			};
			name = Debug;
		};
		B1B2C3D4E5F60061000B0001 /* Release */ = {
			isa = XCBuildConfiguration;
			buildSettings = {
				CODE_SIGN_STYLE = Automatic;
				CURRENT_PROJECT_VERSION = 1;
				DEVELOPMENT_TEAM = TCU64E3XV4;
				GENERATE_INFOPLIST_FILE = YES;
				INFOPLIST_FILE = KeyWitnessWidgets/Info.plist;
				INFOPLIST_KEY_CFBundleDisplayName = KeyWitnessWidgets;
				INFOPLIST_KEY_NSHumanReadableCopyright = "";
				INFOPLIST_KEY_NSSupportsLiveActivities = YES;
				INFOPLIST_KEY_NSSupportsLiveActivitiesFrequentUpdates = YES;
				IPHONEOS_DEPLOYMENT_TARGET = 17.0;
				LD_RUNPATH_SEARCH_PATHS = (
					"$(inherited)",
					"@executable_path/Frameworks",
					"@executable_path/../../Frameworks",
				);
				MARKETING_VERSION = 1.0;
				PRODUCT_BUNDLE_IDENTIFIER = io.keywitness.app.widgets;
				PRODUCT_NAME = "$(TARGET_NAME)";
				SKIP_INSTALL = YES;
				SWIFT_EMIT_LOC_STRINGS = YES;
				SWIFT_VERSION = 5.0;
				TARGETED_DEVICE_FAMILY = "1,2";
			};
			name = Release;
		};
/* End XCBuildConfiguration section */

/* Begin XCConfigurationList section */
		A1B2C3D4E5F60050000A0001 /* Build configuration list for PBXNativeTarget "KeyWitness" */ = {
			isa = XCConfigurationList;
			buildConfigurations = (
				A1B2C3D4E5F60062000A0001 /* Debug */,
				A1B2C3D4E5F60063000A0001 /* Release */,
			);
			defaultConfigurationIsVisible = 0;
			defaultConfigurationName = Release;
		};
		A1B2C3D4E5F60051000A0001 /* Build configuration list for PBXNativeTarget "KeyWitnessKeyboard" */ = {
			isa = XCConfigurationList;
			buildConfigurations = (
				A1B2C3D4E5F60064000A0001 /* Debug */,
				A1B2C3D4E5F60065000A0001 /* Release */,
			);
			defaultConfigurationIsVisible = 0;
			defaultConfigurationName = Release;
		};
		A1B2C3D4E5F60052000A0001 /* Build configuration list for PBXProject "KeyWitness" */ = {
			isa = XCConfigurationList;
			buildConfigurations = (
				A1B2C3D4E5F60060000A0001 /* Debug */,
				A1B2C3D4E5F60061000A0001 /* Release */,
			);
			defaultConfigurationIsVisible = 0;
			defaultConfigurationName = Release;
		};
		B1B2C3D4E5F60070000B0001 /* Build configuration list for PBXNativeTarget "KeyWitnessWidgets" */ = {
			isa = XCConfigurationList;
			buildConfigurations = (
				B1B2C3D4E5F60060000B0001 /* Debug */,
				B1B2C3D4E5F60061000B0001 /* Release */,
			);
			defaultConfigurationIsVisible = 0;
			defaultConfigurationName = Release;
		};
/* End XCConfigurationList section */

/* Begin XCRemoteSwiftPackageReference section */
		C1B2C3D4E5F60001000C0001 /* XCRemoteSwiftPackageReference "KeyboardKit" */ = {
			isa = XCRemoteSwiftPackageReference;
			repositoryURL = "https://github.com/KeyboardKit/KeyboardKit.git";
			requirement = {
				kind = upToNextMajorVersion;
				minimumVersion = 9.0.0;
			};
		};
/* End XCRemoteSwiftPackageReference section */

/* Begin XCSwiftPackageProductDependency section */
		C1B2C3D4E5F60002000C0001 /* KeyboardKit */ = {
			isa = XCSwiftPackageProductDependency;
			package = C1B2C3D4E5F60001000C0001 /* XCRemoteSwiftPackageReference "KeyboardKit" */;
			productName = KeyboardKit;
		};
/* End XCSwiftPackageProductDependency section */
	};
	rootObject = A1B2C3D4E5F60011000A0001 /* Project object */;
}
